
Microsoft Visual Studio Solution File, Format Version 12.00
# Visual Studio Version 17
VisualStudioVersion = 17.8.34309.116
MinimumVisualStudioVersion = 10.0.40219.1
Project("{FAE04EC0-301F-11D3-BF4B-00C04F79EFBC}") = "Projekt", "Projekt\Projekt.csproj", "{D0E5EE28-806B-437E-94B3-D7D4A02123A4}"
EndProject
Global
	GlobalSection(SolutionConfigurationPlatforms) = preSolution
		Debug|Any CPU = Debug|Any CPU
		Release|Any CPU = Release|Any CPU
	EndGlobalSection
	GlobalSection(ProjectConfigurationPlatforms) = postSolution
		{D0E5EE28-806B-437E-94B3-D7D4A02123A4}.Debug|Any CPU.ActiveCfg = Debug|Any CPU
		{D0E5EE28-806B-437E-94B3-D7D4A02123A4}.Debug|Any CPU.Build.0 = Debug|Any CPU
		{D0E5EE28-806B-437E-94B3-D7D4A02123A4}.Release|Any CPU.ActiveCfg = Release|Any CPU
		{D0E5EE28-806B-437E-94B3-D7D4A02123A4}.Release|Any CPU.Build.0 = Release|Any CPU
	EndGlobalSection
	GlobalSection(SolutionProperties) = preSolution
		HideSolutionNode = FALSE
	EndGlobalSection
	GlobalSection(ExtensibilityGlobals) = postSolution
		SolutionGuid = {28081E41-092D-4B22-A02C-8F928D8E2413}
	EndGlobalSection
EndGlobal
